
Microsoft Visual Studio Solution File, Format Version 12.00
# Visual Studio Version 17
VisualStudioVersion = 17.6.33829.357
MinimumVisualStudioVersion = 10.0.40219.1
Project("{9A19103F-16F7-4668-BE54-9A1E7A4F7556}") = "Synergy.StandardApps", "Synergy.StandardApps\Synergy.StandardApps.csproj", "{7106AA8A-F626-44BB-8EBD-183FE816E153}"
EndProject
Project("{9A19103F-16F7-4668-BE54-9A1E7A4F7556}") = "Synergy.WPF.Common", "..\Synergy.WPF.Common\Synergy.WPF.Common\Synergy.WPF.Common.csproj", "{C483494C-5C6D-44F4-A9C4-34915F45A730}"
EndProject
Project("{FAE04EC0-301F-11D3-BF4B-00C04F79EFBC}") = "Synergy.StandardApps.Domain", "Synergy.StandardApps.Domain\Synergy.StandardApps.Domain.csproj", "{0B8B75F2-F922-407F-A882-47D279075633}"
EndProject
Project("{FAE04EC0-301F-11D3-BF4B-00C04F79EFBC}") = "Synergy.StandardApps.DAL", "Synergy.StandardApps.DAL\Synergy.StandardApps.DAL.csproj", "{CE939887-8488-4472-821C-BDFB86426C70}"
EndProject
Global
	GlobalSection(SolutionConfigurationPlatforms) = preSolution
		Debug|Any CPU = Debug|Any CPU
		Release|Any CPU = Release|Any CPU
	EndGlobalSection
	GlobalSection(ProjectConfigurationPlatforms) = postSolution
		{7106AA8A-F626-44BB-8EBD-183FE816E153}.Debug|Any CPU.ActiveCfg = Debug|Any CPU
		{7106AA8A-F626-44BB-8EBD-183FE816E153}.Debug|Any CPU.Build.0 = Debug|Any CPU
		{7106AA8A-F626-44BB-8EBD-183FE816E153}.Release|Any CPU.ActiveCfg = Release|Any CPU
		{7106AA8A-F626-44BB-8EBD-183FE816E153}.Release|Any CPU.Build.0 = Release|Any CPU
		{C483494C-5C6D-44F4-A9C4-34915F45A730}.Debug|Any CPU.ActiveCfg = Debug|Any CPU
		{C483494C-5C6D-44F4-A9C4-34915F45A730}.Debug|Any CPU.Build.0 = Debug|Any CPU
		{C483494C-5C6D-44F4-A9C4-34915F45A730}.Release|Any CPU.ActiveCfg = Release|Any CPU
		{C483494C-5C6D-44F4-A9C4-34915F45A730}.Release|Any CPU.Build.0 = Release|Any CPU
		{0B8B75F2-F922-407F-A882-47D279075633}.Debug|Any CPU.ActiveCfg = Debug|Any CPU
		{0B8B75F2-F922-407F-A882-47D279075633}.Debug|Any CPU.Build.0 = Debug|Any CPU
		{0B8B75F2-F922-407F-A882-47D279075633}.Release|Any CPU.ActiveCfg = Release|Any CPU
		{0B8B75F2-F922-407F-A882-47D279075633}.Release|Any CPU.Build.0 = Release|Any CPU
		{CE939887-8488-4472-821C-BDFB86426C70}.Debug|Any CPU.ActiveCfg = Debug|Any CPU
		{CE939887-8488-4472-821C-BDFB86426C70}.Debug|Any CPU.Build.0 = Debug|Any CPU
		{CE939887-8488-4472-821C-BDFB86426C70}.Release|Any CPU.ActiveCfg = Release|Any CPU
		{CE939887-8488-4472-821C-BDFB86426C70}.Release|Any CPU.Build.0 = Release|Any CPU
	EndGlobalSection
	GlobalSection(SolutionProperties) = preSolution
		HideSolutionNode = FALSE
	EndGlobalSection
	GlobalSection(ExtensibilityGlobals) = postSolution
		SolutionGuid = {2414648B-6C37-4929-A6AE-54BB2C2027D0}
	EndGlobalSection
EndGlobal
