
Microsoft Visual Studio Solution File, Format Version 12.00
# Visual Studio Version 17
VisualStudioVersion = 17.6.33829.357
MinimumVisualStudioVersion = 10.0.40219.1
Project("{9A19103F-16F7-4668-BE54-9A1E7A4F7556}") = "Synergy.StandardApps", "Synergy.StandardApps\Synergy.StandardApps.csproj", "{7106AA8A-F626-44BB-8EBD-183FE816E153}"
EndProject
Project("{9A19103F-16F7-4668-BE54-9A1E7A4F7556}") = "Synergy.WPF.Common", "..\Synergy.WPF.Common\Synergy.WPF.Common\Synergy.WPF.Common.csproj", "{C483494C-5C6D-44F4-A9C4-34915F45A730}"
EndProject
Project("{9A19103F-16F7-4668-BE54-9A1E7A4F7556}") = "Synergy.StandardApps.Domain", "Synergy.StandardApps.Domain\Synergy.StandardApps.Domain.csproj", "{0B8B75F2-F922-407F-A882-47D279075633}"
EndProject
Project("{9A19103F-16F7-4668-BE54-9A1E7A4F7556}") = "Synergy.StandardApps.DAL", "Synergy.StandardApps.DAL\Synergy.StandardApps.DAL.csproj", "{CE939887-8488-4472-821C-BDFB86426C70}"
EndProject
Project("{9A19103F-16F7-4668-BE54-9A1E7A4F7556}") = "Synergy.StandardApps.Service", "Synergy.StandardApps.Service\Synergy.StandardApps.Service.csproj", "{23C76C85-5543-4C2F-BC32-F181B73AB2D9}"
EndProject
Project("{9A19103F-16F7-4668-BE54-9A1E7A4F7556}") = "Synergy.StandardApps.EntityForms", "Synergy.StandardApps.EntityForms\Synergy.StandardApps.EntityForms.csproj", "{027CBFD8-24E0-4942-BEF6-61F12C7CFCA6}"
EndProject
Project("{9A19103F-16F7-4668-BE54-9A1E7A4F7556}") = "Synergy.StandardApps.Utility", "Synergy.StandardApps.Utility\Synergy.StandardApps.Utility.csproj", "{DA187F13-8B73-42DF-99BD-3342D2DF9BA1}"
EndProject
Project("{9A19103F-16F7-4668-BE54-9A1E7A4F7556}") = "Synergy.StandardApps.Notes", "Synergy.StandardApps.Notes\Synergy.StandardApps.Notes.csproj", "{8B894116-846A-4EF2-A1FF-1DECD8C42A75}"
EndProject
Project("{2150E333-8FDC-42A3-9474-1A3956D46DE8}") = "WorkerServices", "WorkerServices", "{FD16641A-EA09-4A4F-8C9F-4BE19419895A}"
EndProject
Project("{2150E333-8FDC-42A3-9474-1A3956D46DE8}") = "UI", "UI", "{4E8887F6-5BFB-4CA3-A915-25081D403536}"
EndProject
Project("{9A19103F-16F7-4668-BE54-9A1E7A4F7556}") = "Synergy.StandardApps.Alarms", "Synergy.StandardApps.Alarms\Synergy.StandardApps.Alarms.csproj", "{D7648F78-5982-471B-8894-5F1E2303D2F3}"
EndProject
Project("{9A19103F-16F7-4668-BE54-9A1E7A4F7556}") = "Synergy.StandardApps.Background", "Synergy.StandardApps.Background\Synergy.StandardApps.Background.csproj", "{13D777C0-CC55-4E4A-9010-D34A12C90D69}"
EndProject
Project("{9A19103F-16F7-4668-BE54-9A1E7A4F7556}") = "Synergy.StandardApps.Misc", "Synergy.StandardApps.Misc\Synergy.StandardApps.Misc.csproj", "{A3FE8937-39F1-4B94-8058-D3E61E142BB6}"
EndProject
Project("{9A19103F-16F7-4668-BE54-9A1E7A4F7556}") = "Synergy.StandardApps.Calendar", "Synergy.StandardApps.Calendar\Synergy.StandardApps.Calendar.csproj", "{66AC0F15-9FD2-4F21-83D4-F62A0B386500}"
EndProject
Project("{9A19103F-16F7-4668-BE54-9A1E7A4F7556}") = "Synergy.WPF.Navigation", "..\Synergy.WPF.Navigation\Synergy.WPF.Navigation\Synergy.WPF.Navigation.csproj", "{6BC010B4-0DA6-4037-9D21-7AB584E4E927}"
EndProject
Project("{2150E333-8FDC-42A3-9474-1A3956D46DE8}") = "Settings", "Settings", "{086E4C0A-45A5-4535-8FC2-E68A131D7C24}"
EndProject
Project("{9A19103F-16F7-4668-BE54-9A1E7A4F7556}") = "Synergy.StandardApps.Properties", "Synergy.StandardApps.Properties\Synergy.StandardApps.Properties.csproj", "{19557C99-9BE8-4DD3-9B41-872C175AEF41}"
EndProject
Project("{2150E333-8FDC-42A3-9474-1A3956D46DE8}") = "Resources", "Resources", "{22C35338-232F-40C1-8119-7FA914A27B6A}"
EndProject
Project("{9A19103F-16F7-4668-BE54-9A1E7A4F7556}") = "Synergy.StandardApps.Resources", "Synergy.StandardApps.Resources\Synergy.StandardApps.Resources.csproj", "{82E7C63E-1417-488B-B166-61E436F4874E}"
EndProject
Project("{9A19103F-16F7-4668-BE54-9A1E7A4F7556}") = "Synergy.StandardApps.Settings", "Synergy.StandardApps.Settings\Synergy.StandardApps.Settings.csproj", "{1B70EFAA-40DE-49C4-B360-4B8EEB88CA28}"
EndProject
Project("{2150E333-8FDC-42A3-9474-1A3956D46DE8}") = "Installation", "Installation", "{FEC88BE2-5D38-489E-B8AE-700ACF2110AE}"
EndProject
Project("{54435603-DBB4-11D2-8724-00A0C9A8B90C}") = "Synergy.StandardApps.Installer", "Synergy.StandardApps.Installer\Synergy.StandardApps.Installer.vdproj", "{28FAF2F0-59D5-4608-8951-7BFDE7CB2972}"
EndProject
Global
	GlobalSection(SolutionConfigurationPlatforms) = preSolution
		Debug|Any CPU = Debug|Any CPU
		Release|Any CPU = Release|Any CPU
	EndGlobalSection
	GlobalSection(ProjectConfigurationPlatforms) = postSolution
		{7106AA8A-F626-44BB-8EBD-183FE816E153}.Debug|Any CPU.ActiveCfg = Debug|Any CPU
		{7106AA8A-F626-44BB-8EBD-183FE816E153}.Debug|Any CPU.Build.0 = Debug|Any CPU
		{7106AA8A-F626-44BB-8EBD-183FE816E153}.Release|Any CPU.ActiveCfg = Release|Any CPU
		{7106AA8A-F626-44BB-8EBD-183FE816E153}.Release|Any CPU.Build.0 = Release|Any CPU
		{C483494C-5C6D-44F4-A9C4-34915F45A730}.Debug|Any CPU.ActiveCfg = Debug|Any CPU
		{C483494C-5C6D-44F4-A9C4-34915F45A730}.Debug|Any CPU.Build.0 = Debug|Any CPU
		{C483494C-5C6D-44F4-A9C4-34915F45A730}.Release|Any CPU.ActiveCfg = Release|Any CPU
		{C483494C-5C6D-44F4-A9C4-34915F45A730}.Release|Any CPU.Build.0 = Release|Any CPU
		{0B8B75F2-F922-407F-A882-47D279075633}.Debug|Any CPU.ActiveCfg = Debug|Any CPU
		{0B8B75F2-F922-407F-A882-47D279075633}.Debug|Any CPU.Build.0 = Debug|Any CPU
		{0B8B75F2-F922-407F-A882-47D279075633}.Release|Any CPU.ActiveCfg = Release|Any CPU
		{0B8B75F2-F922-407F-A882-47D279075633}.Release|Any CPU.Build.0 = Release|Any CPU
		{CE939887-8488-4472-821C-BDFB86426C70}.Debug|Any CPU.ActiveCfg = Debug|Any CPU
		{CE939887-8488-4472-821C-BDFB86426C70}.Debug|Any CPU.Build.0 = Debug|Any CPU
		{CE939887-8488-4472-821C-BDFB86426C70}.Release|Any CPU.ActiveCfg = Release|Any CPU
		{CE939887-8488-4472-821C-BDFB86426C70}.Release|Any CPU.Build.0 = Release|Any CPU
		{23C76C85-5543-4C2F-BC32-F181B73AB2D9}.Debug|Any CPU.ActiveCfg = Debug|Any CPU
		{23C76C85-5543-4C2F-BC32-F181B73AB2D9}.Debug|Any CPU.Build.0 = Debug|Any CPU
		{23C76C85-5543-4C2F-BC32-F181B73AB2D9}.Release|Any CPU.ActiveCfg = Release|Any CPU
		{23C76C85-5543-4C2F-BC32-F181B73AB2D9}.Release|Any CPU.Build.0 = Release|Any CPU
		{027CBFD8-24E0-4942-BEF6-61F12C7CFCA6}.Debug|Any CPU.ActiveCfg = Debug|Any CPU
		{027CBFD8-24E0-4942-BEF6-61F12C7CFCA6}.Debug|Any CPU.Build.0 = Debug|Any CPU
		{027CBFD8-24E0-4942-BEF6-61F12C7CFCA6}.Release|Any CPU.ActiveCfg = Release|Any CPU
		{027CBFD8-24E0-4942-BEF6-61F12C7CFCA6}.Release|Any CPU.Build.0 = Release|Any CPU
		{DA187F13-8B73-42DF-99BD-3342D2DF9BA1}.Debug|Any CPU.ActiveCfg = Debug|Any CPU
		{DA187F13-8B73-42DF-99BD-3342D2DF9BA1}.Debug|Any CPU.Build.0 = Debug|Any CPU
		{DA187F13-8B73-42DF-99BD-3342D2DF9BA1}.Release|Any CPU.ActiveCfg = Release|Any CPU
		{DA187F13-8B73-42DF-99BD-3342D2DF9BA1}.Release|Any CPU.Build.0 = Release|Any CPU
		{8B894116-846A-4EF2-A1FF-1DECD8C42A75}.Debug|Any CPU.ActiveCfg = Debug|Any CPU
		{8B894116-846A-4EF2-A1FF-1DECD8C42A75}.Debug|Any CPU.Build.0 = Debug|Any CPU
		{8B894116-846A-4EF2-A1FF-1DECD8C42A75}.Release|Any CPU.ActiveCfg = Release|Any CPU
		{8B894116-846A-4EF2-A1FF-1DECD8C42A75}.Release|Any CPU.Build.0 = Release|Any CPU
		{D7648F78-5982-471B-8894-5F1E2303D2F3}.Debug|Any CPU.ActiveCfg = Debug|Any CPU
		{D7648F78-5982-471B-8894-5F1E2303D2F3}.Debug|Any CPU.Build.0 = Debug|Any CPU
		{D7648F78-5982-471B-8894-5F1E2303D2F3}.Release|Any CPU.ActiveCfg = Release|Any CPU
		{D7648F78-5982-471B-8894-5F1E2303D2F3}.Release|Any CPU.Build.0 = Release|Any CPU
		{13D777C0-CC55-4E4A-9010-D34A12C90D69}.Debug|Any CPU.ActiveCfg = Debug|Any CPU
		{13D777C0-CC55-4E4A-9010-D34A12C90D69}.Debug|Any CPU.Build.0 = Debug|Any CPU
		{13D777C0-CC55-4E4A-9010-D34A12C90D69}.Release|Any CPU.ActiveCfg = Release|Any CPU
		{13D777C0-CC55-4E4A-9010-D34A12C90D69}.Release|Any CPU.Build.0 = Release|Any CPU
		{A3FE8937-39F1-4B94-8058-D3E61E142BB6}.Debug|Any CPU.ActiveCfg = Debug|Any CPU
		{A3FE8937-39F1-4B94-8058-D3E61E142BB6}.Debug|Any CPU.Build.0 = Debug|Any CPU
		{A3FE8937-39F1-4B94-8058-D3E61E142BB6}.Release|Any CPU.ActiveCfg = Release|Any CPU
		{A3FE8937-39F1-4B94-8058-D3E61E142BB6}.Release|Any CPU.Build.0 = Release|Any CPU
		{66AC0F15-9FD2-4F21-83D4-F62A0B386500}.Debug|Any CPU.ActiveCfg = Debug|Any CPU
		{66AC0F15-9FD2-4F21-83D4-F62A0B386500}.Debug|Any CPU.Build.0 = Debug|Any CPU
		{66AC0F15-9FD2-4F21-83D4-F62A0B386500}.Release|Any CPU.ActiveCfg = Release|Any CPU
		{66AC0F15-9FD2-4F21-83D4-F62A0B386500}.Release|Any CPU.Build.0 = Release|Any CPU
		{6BC010B4-0DA6-4037-9D21-7AB584E4E927}.Debug|Any CPU.ActiveCfg = Debug|Any CPU
		{6BC010B4-0DA6-4037-9D21-7AB584E4E927}.Debug|Any CPU.Build.0 = Debug|Any CPU
		{6BC010B4-0DA6-4037-9D21-7AB584E4E927}.Release|Any CPU.ActiveCfg = Release|Any CPU
		{6BC010B4-0DA6-4037-9D21-7AB584E4E927}.Release|Any CPU.Build.0 = Release|Any CPU
		{19557C99-9BE8-4DD3-9B41-872C175AEF41}.Debug|Any CPU.ActiveCfg = Debug|Any CPU
		{19557C99-9BE8-4DD3-9B41-872C175AEF41}.Debug|Any CPU.Build.0 = Debug|Any CPU
		{19557C99-9BE8-4DD3-9B41-872C175AEF41}.Release|Any CPU.ActiveCfg = Release|Any CPU
		{19557C99-9BE8-4DD3-9B41-872C175AEF41}.Release|Any CPU.Build.0 = Release|Any CPU
		{82E7C63E-1417-488B-B166-61E436F4874E}.Debug|Any CPU.ActiveCfg = Debug|Any CPU
		{82E7C63E-1417-488B-B166-61E436F4874E}.Debug|Any CPU.Build.0 = Debug|Any CPU
		{82E7C63E-1417-488B-B166-61E436F4874E}.Release|Any CPU.ActiveCfg = Release|Any CPU
		{82E7C63E-1417-488B-B166-61E436F4874E}.Release|Any CPU.Build.0 = Release|Any CPU
		{1B70EFAA-40DE-49C4-B360-4B8EEB88CA28}.Debug|Any CPU.ActiveCfg = Debug|Any CPU
		{1B70EFAA-40DE-49C4-B360-4B8EEB88CA28}.Debug|Any CPU.Build.0 = Debug|Any CPU
		{1B70EFAA-40DE-49C4-B360-4B8EEB88CA28}.Release|Any CPU.ActiveCfg = Release|Any CPU
		{1B70EFAA-40DE-49C4-B360-4B8EEB88CA28}.Release|Any CPU.Build.0 = Release|Any CPU
		{28FAF2F0-59D5-4608-8951-7BFDE7CB2972}.Debug|Any CPU.ActiveCfg = Debug
		{28FAF2F0-59D5-4608-8951-7BFDE7CB2972}.Release|Any CPU.ActiveCfg = Release
	EndGlobalSection
	GlobalSection(SolutionProperties) = preSolution
		HideSolutionNode = FALSE
	EndGlobalSection
	GlobalSection(NestedProjects) = preSolution
		{8B894116-846A-4EF2-A1FF-1DECD8C42A75} = {4E8887F6-5BFB-4CA3-A915-25081D403536}
		{D7648F78-5982-471B-8894-5F1E2303D2F3} = {4E8887F6-5BFB-4CA3-A915-25081D403536}
		{13D777C0-CC55-4E4A-9010-D34A12C90D69} = {FD16641A-EA09-4A4F-8C9F-4BE19419895A}
		{66AC0F15-9FD2-4F21-83D4-F62A0B386500} = {4E8887F6-5BFB-4CA3-A915-25081D403536}
		{19557C99-9BE8-4DD3-9B41-872C175AEF41} = {086E4C0A-45A5-4535-8FC2-E68A131D7C24}
		{82E7C63E-1417-488B-B166-61E436F4874E} = {22C35338-232F-40C1-8119-7FA914A27B6A}
		{1B70EFAA-40DE-49C4-B360-4B8EEB88CA28} = {4E8887F6-5BFB-4CA3-A915-25081D403536}
		{28FAF2F0-59D5-4608-8951-7BFDE7CB2972} = {FEC88BE2-5D38-489E-B8AE-700ACF2110AE}
	EndGlobalSection
	GlobalSection(ExtensibilityGlobals) = postSolution
		SolutionGuid = {2414648B-6C37-4929-A6AE-54BB2C2027D0}
	EndGlobalSection
EndGlobal
